
Microsoft Visual Studio Solution File, Format Version 12.00
# Visual Studio 15
VisualStudioVersion = 15.0.28307.329
MinimumVisualStudioVersion = 10.0.40219.1
Project("{2150E333-8FDC-42A3-9474-1A3956D46DE8}") = "1.API", "1.API", "{62C9D334-2091-46E9-971A-3849AE5E8502}"
EndProject
Project("{FAE04EC0-301F-11D3-BF4B-00C04F79EFBC}") = "CoreAPI2.API", "CoreAPI2\CoreAPI2.API\CoreAPI2.API.csproj", "{549562E3-0138-4DA7-B42F-BCEC30181777}"
EndProject
Project("{FAE04EC0-301F-11D3-BF4B-00C04F79EFBC}") = "CoreAPI2.API.Common", "CoreAPI2\CoreAPI2.API.Common\CoreAPI2.API.Common.csproj", "{8D60F393-1082-4AE3-BB15-AE98CCFB75AD}"
EndProject
Project("{FAE04EC0-301F-11D3-BF4B-00C04F79EFBC}") = "CoreAPI2.API.DataContracts", "CoreAPI2\CoreAPI2.API.DataContracts\CoreAPI2.API.DataContracts.csproj", "{50B8BE39-0826-4FD9-9577-F264C206A666}"
EndProject
Project("{2150E333-8FDC-42A3-9474-1A3956D46DE8}") = "00.Tests", "00.Tests", "{A97A1F39-6228-4C77-9C04-1291FFA148AC}"
EndProject
Project("{FAE04EC0-301F-11D3-BF4B-00C04F79EFBC}") = "CoreAPI2.API.Tests.Controllers", "CoreAPI2\CoreAPI2.API.Tests.Controllers\CoreAPI2.API.Tests.Controllers.csproj", "{102E3493-807C-4D44-8F6F-8512E8C4ECE1}"
EndProject
Project("{FAE04EC0-301F-11D3-BF4B-00C04F79EFBC}") = "CoreAPI2.API.Tests.REST", "CoreAPI2\CoreAPI2.API.Tests.REST\CoreAPI2.API.Tests.REST.csproj", "{CBFEF787-32F4-40E3-85EE-9FBA7ED59397}"
EndProject
Project("{2150E333-8FDC-42A3-9474-1A3956D46DE8}") = "01.Common", "01.Common", "{6F494204-E2AC-4041-AD73-11E0E933A709}"
EndProject
Project("{FAE04EC0-301F-11D3-BF4B-00C04F79EFBC}") = "CoreAPI2.IoC.Configuration", "CoreAPI2\CoreAPI2.IoC.Configuration\CoreAPI2.IoC.Configuration.csproj", "{EF401C38-8E53-4906-927B-ECAD0965E70F}"
EndProject
Project("{FAE04EC0-301F-11D3-BF4B-00C04F79EFBC}") = "CoreAPI2.Tools", "CoreAPI2\CoreAPI2.Tools\CoreAPI2.Tools.csproj", "{D30BE5C0-DF0C-4855-A34B-1D9FDC850281}"
EndProject
Project("{2150E333-8FDC-42A3-9474-1A3956D46DE8}") = "2.Services", "2.Services", "{95DE79DB-83C9-4F84-82CC-E1C3C49276B3}"
EndProject
Project("{FAE04EC0-301F-11D3-BF4B-00C04F79EFBC}") = "CoreAPI2.Services", "CoreAPI2\CoreAPI2.Services\CoreAPI2.Services.csproj", "{6B3B64D3-2A08-454F-B496-D77A8E2AD3F9}"
EndProject
Project("{2150E333-8FDC-42A3-9474-1A3956D46DE8}") = "3.Repositories", "3.Repositories", "{2BA3C196-6599-497F-96FA-0EC0E986CA65}"
EndProject
Global
	GlobalSection(SolutionConfigurationPlatforms) = preSolution
		Debug|Any CPU = Debug|Any CPU
		Release|Any CPU = Release|Any CPU
	EndGlobalSection
	GlobalSection(ProjectConfigurationPlatforms) = postSolution
		{549562E3-0138-4DA7-B42F-BCEC30181777}.Debug|Any CPU.ActiveCfg = Debug|Any CPU
		{549562E3-0138-4DA7-B42F-BCEC30181777}.Debug|Any CPU.Build.0 = Debug|Any CPU
		{549562E3-0138-4DA7-B42F-BCEC30181777}.Release|Any CPU.ActiveCfg = Release|Any CPU
		{549562E3-0138-4DA7-B42F-BCEC30181777}.Release|Any CPU.Build.0 = Release|Any CPU
		{8D60F393-1082-4AE3-BB15-AE98CCFB75AD}.Debug|Any CPU.ActiveCfg = Debug|Any CPU
		{8D60F393-1082-4AE3-BB15-AE98CCFB75AD}.Debug|Any CPU.Build.0 = Debug|Any CPU
		{8D60F393-1082-4AE3-BB15-AE98CCFB75AD}.Release|Any CPU.ActiveCfg = Release|Any CPU
		{8D60F393-1082-4AE3-BB15-AE98CCFB75AD}.Release|Any CPU.Build.0 = Release|Any CPU
		{50B8BE39-0826-4FD9-9577-F264C206A666}.Debug|Any CPU.ActiveCfg = Debug|Any CPU
		{50B8BE39-0826-4FD9-9577-F264C206A666}.Debug|Any CPU.Build.0 = Debug|Any CPU
		{50B8BE39-0826-4FD9-9577-F264C206A666}.Release|Any CPU.ActiveCfg = Release|Any CPU
		{50B8BE39-0826-4FD9-9577-F264C206A666}.Release|Any CPU.Build.0 = Release|Any CPU
		{102E3493-807C-4D44-8F6F-8512E8C4ECE1}.Debug|Any CPU.ActiveCfg = Debug|Any CPU
		{102E3493-807C-4D44-8F6F-8512E8C4ECE1}.Debug|Any CPU.Build.0 = Debug|Any CPU
		{102E3493-807C-4D44-8F6F-8512E8C4ECE1}.Release|Any CPU.ActiveCfg = Release|Any CPU
		{102E3493-807C-4D44-8F6F-8512E8C4ECE1}.Release|Any CPU.Build.0 = Release|Any CPU
		{CBFEF787-32F4-40E3-85EE-9FBA7ED59397}.Debug|Any CPU.ActiveCfg = Debug|Any CPU
		{CBFEF787-32F4-40E3-85EE-9FBA7ED59397}.Debug|Any CPU.Build.0 = Debug|Any CPU
		{CBFEF787-32F4-40E3-85EE-9FBA7ED59397}.Release|Any CPU.ActiveCfg = Release|Any CPU
		{CBFEF787-32F4-40E3-85EE-9FBA7ED59397}.Release|Any CPU.Build.0 = Release|Any CPU
		{EF401C38-8E53-4906-927B-ECAD0965E70F}.Debug|Any CPU.ActiveCfg = Debug|Any CPU
		{EF401C38-8E53-4906-927B-ECAD0965E70F}.Debug|Any CPU.Build.0 = Debug|Any CPU
		{EF401C38-8E53-4906-927B-ECAD0965E70F}.Release|Any CPU.ActiveCfg = Release|Any CPU
		{EF401C38-8E53-4906-927B-ECAD0965E70F}.Release|Any CPU.Build.0 = Release|Any CPU
		{D30BE5C0-DF0C-4855-A34B-1D9FDC850281}.Debug|Any CPU.ActiveCfg = Debug|Any CPU
		{D30BE5C0-DF0C-4855-A34B-1D9FDC850281}.Debug|Any CPU.Build.0 = Debug|Any CPU
		{D30BE5C0-DF0C-4855-A34B-1D9FDC850281}.Release|Any CPU.ActiveCfg = Release|Any CPU
		{D30BE5C0-DF0C-4855-A34B-1D9FDC850281}.Release|Any CPU.Build.0 = Release|Any CPU
		{6B3B64D3-2A08-454F-B496-D77A8E2AD3F9}.Debug|Any CPU.ActiveCfg = Debug|Any CPU
		{6B3B64D3-2A08-454F-B496-D77A8E2AD3F9}.Debug|Any CPU.Build.0 = Debug|Any CPU
		{6B3B64D3-2A08-454F-B496-D77A8E2AD3F9}.Release|Any CPU.ActiveCfg = Release|Any CPU
		{6B3B64D3-2A08-454F-B496-D77A8E2AD3F9}.Release|Any CPU.Build.0 = Release|Any CPU
	EndGlobalSection
	GlobalSection(SolutionProperties) = preSolution
		HideSolutionNode = FALSE
	EndGlobalSection
	GlobalSection(NestedProjects) = preSolution
		{549562E3-0138-4DA7-B42F-BCEC30181777} = {62C9D334-2091-46E9-971A-3849AE5E8502}
		{8D60F393-1082-4AE3-BB15-AE98CCFB75AD} = {62C9D334-2091-46E9-971A-3849AE5E8502}
		{50B8BE39-0826-4FD9-9577-F264C206A666} = {62C9D334-2091-46E9-971A-3849AE5E8502}
		{102E3493-807C-4D44-8F6F-8512E8C4ECE1} = {A97A1F39-6228-4C77-9C04-1291FFA148AC}
		{CBFEF787-32F4-40E3-85EE-9FBA7ED59397} = {A97A1F39-6228-4C77-9C04-1291FFA148AC}
		{EF401C38-8E53-4906-927B-ECAD0965E70F} = {6F494204-E2AC-4041-AD73-11E0E933A709}
		{D30BE5C0-DF0C-4855-A34B-1D9FDC850281} = {6F494204-E2AC-4041-AD73-11E0E933A709}
		{6B3B64D3-2A08-454F-B496-D77A8E2AD3F9} = {95DE79DB-83C9-4F84-82CC-E1C3C49276B3}
	EndGlobalSection
	GlobalSection(ExtensibilityGlobals) = postSolution
		SolutionGuid = {D22111B4-AE8E-4EBC-97EA-4DAF565A83D9}
	EndGlobalSection
EndGlobal
